{
  "name": "esbuild-test-node-side-effects",
  "lockfileVersion": 2,
  "requires": true,
  "packages": {
    "": {
      "dependencies": {
        "esbuild": "^0.11.12"
      }
    },
    "node_modules/esbuild": {
      "version": "0.11.12",
      "resolved": "https://registry.npmjs.org/esbuild/-/esbuild-0.11.12.tgz",
      "integrity": "sha512-c8cso/1RwVj+fbDvLtUgSG4ZJQ0y9Zdrl6Ot/GAjyy4pdMCHaFnDMts5gqFnWRPLajWtEnI+3hlET4R9fVoZng==",
      "hasInstallScript": true,
      "bin": {
        "esbuild": "bin/esbuild"
      }
    }
  },
  "dependencies": {
    "esbuild": {
      "version": "0.11.12",
      "resolved": "https://registry.npmjs.org/esbuild/-/esbuild-0.11.12.tgz",
      "integrity": "sha512-c8cso/1RwVj+fbDvLtUgSG4ZJQ0y9Zdrl6Ot/GAjyy4pdMCHaFnDMts5gqFnWRPLajWtEnI+3hlET4R9fVoZng=="
    }
  }
}
